{"format_version":"1.2","terraform_version":"1.5.7","variables":{"aws_region":{"value":"eu-west-1"},"project_name":{"value":"le-projet-de-laurianne"}},"planned_values":{"outputs":{"api_gateway_url":{"sensitive":false},"s3_bucket_name":{"sensitive":false}},"root_module":{"resources":[{"address":"aws_api_gateway_deployment.api","mode":"managed","type":"aws_api_gateway_deployment","name":"api","provider_name":"registry.terraform.io/hashicorp/aws","schema_version":0,"values":{"canary_settings":[],"description":null,"stage_description":null,"stage_name":null,"triggers":null,"variables":null},"sensitive_values":{"canary_settings":[]}},{"address":"aws_api_gateway_integration.create_item","mode":"managed","type":"aws_api_gateway_integration","name":"create_item","provider_name":"registry.terraform.io/hashicorp/aws","schema_version":0,"values":{"cache_key_parameters":null,"connection_id":null,"connection_type":"INTERNET","content_handling":null,"credentials":null,"http_method":"POST","integration_http_method":"POST","request_parameters":null,"request_templates":null,"timeout_milliseconds":29000,"tls_config":[],"type":"AWS_PROXY"},"sensitive_values":{"tls_config":[]}},{"address":"aws_api_gateway_integration.delete_item","mode":"managed","type":"aws_api_gateway_integration","name":"delete_item","provider_name":"registry.terraform.io/hashicorp/aws","schema_version":0,"values":{"cache_key_parameters":null,"connection_id":null,"connection_type":"INTERNET","content_handling":null,"credentials":null,"http_method":"DELETE","integration_http_method":"POST","request_parameters":null,"request_templates":null,"timeout_milliseconds":29000,"tls_config":[],"type":"AWS_PROXY"},"sensitive_values":{"tls_config":[]}},{"address":"aws_api_gateway_integration.get_items","mode":"managed","type":"aws_api_gateway_integration","name":"get_items","provider_name":"registry.terraform.io/hashicorp/aws","schema_version":0,"values":{"cache_key_parameters":null,"connection_id":null,"connection_type":"INTERNET","content_handling":null,"credentials":null,"http_method":"GET","integration_http_method":"POST","request_parameters":null,"request_templates":null,"timeout_milliseconds":29000,"tls_config":[],"type":"AWS_PROXY"},"sensitive_values":{"tls_config":[]}},{"address":"aws_api_gateway_integration.options_item","mode":"managed","type":"aws_api_gateway_integration","name":"options_item","provider_name":"registry.terraform.io/hashicorp/aws","schema_version":0,"values":{"cache_key_parameters":null,"connection_id":null,"connection_type":"INTERNET","content_handling":null,"credentials":null,"http_method":"OPTIONS","integration_http_method":null,"request_parameters":null,"request_templates":{"application/json":"{\"statusCode\": 200}"},"timeout_milliseconds":29000,"tls_config":[],"type":"MOCK","uri":null},"sensitive_values":{"request_templates":{},"tls_config":[]}},{"address":"aws_api_gateway_integration.options_items","mode":"managed","type":"aws_api_gateway_integration","name":"options_items","provider_name":"registry.terraform.io/hashicorp/aws","schema_version":0,"values":{"cache_key_parameters":null,"connection_id":null,"connection_type":"INTERNET","content_handling":null,"credentials":null,"http_method":"OPTIONS","integration_http_method":null,"request_parameters":null,"request_templates":{"application/json":"{\"statusCode\": 200}"},"timeout_milliseconds":29000,"tls_config":[],"type":"MOCK","uri":null},"sensitive_values":{"request_templates":{},"tls_config":[]}},{"address":"aws_api_gateway_integration.update_item","mode":"managed","type":"aws_api_gateway_integration","name":"update_item","provider_name":"registry.terraform.io/hashicorp/aws","schema_version":0,"values":{"cache_key_parameters":null,"connection_id":null,"connection_type":"INTERNET","content_handling":null,"credentials":null,"http_method":"PUT","integration_http_method":"POST","request_parameters":null,"request_templates":null,"timeout_milliseconds":29000,"tls_config":[],"type":"AWS_PROXY"},"sensitive_values":{"tls_config":[]}},{"address":"aws_api_gateway_integration_response.options_item","mode":"managed","type":"aws_api_gateway_integration_response","name":"options_item","provider_name":"registry.terraform.io/hashicorp/aws","schema_version":0,"values":{"content_handling":null,"http_method":"OPTIONS","response_parameters":{"method.response.header.Access-Control-Allow-Headers":"'Content-Type,X-Amz-Date,Authorization,X-Api-Key'","method.response.header.Access-Control-Allow-Methods":"'PUT,DELETE,OPTIONS'","method.response.header.Access-Control-Allow-Origin":"'*'"},"response_templates":null,"selection_pattern":null,"status_code":"200"},"sensitive_values":{"response_parameters":{}}},{"address":"aws_api_gateway_integration_response.options_items","mode":"managed","type":"aws_api_gateway_integration_response","name":"options_items","provider_name":"registry.terraform.io/hashicorp/aws","schema_version":0,"values":{"content_handling":null,"http_method":"OPTIONS","response_parameters":{"method.response.header.Access-Control-Allow-Headers":"'Content-Type,X-Amz-Date,Authorization,X-Api-Key'","method.response.header.Access-Control-Allow-Methods":"'GET,POST,OPTIONS'","method.response.header.Access-Control-Allow-Origin":"'*'"},"response_templates":null,"selection_pattern":null,"status_code":"200"},"sensitive_values":{"response_parameters":{}}},{"address":"aws_api_gateway_method.create_item","mode":"managed","type":"aws_api_gateway_method","name":"create_item","provider_name":"registry.terraform.io/hashicorp/aws","schema_version":0,"values":{"api_key_required":false,"authorization":"NONE","authorization_scopes":null,"authorizer_id":null,"http_method":"POST","operation_name":null,"request_models":null,"request_parameters":null,"request_validator_id":null},"sensitive_values":{}},{"address":"aws_api_gateway_method.delete_item","mode":"managed","type":"aws_api_gateway_method","name":"delete_item","provider_name":"registry.terraform.io/hashicorp/aws","schema_version":0,"values":{"api_key_required":false,"authorization":"NONE","authorization_scopes":null,"authorizer_id":null,"http_method":"DELETE","operation_name":null,"request_models":null,"request_parameters":null,"request_validator_id":null},"sensitive_values":{}},{"address":"aws_api_gateway_method.get_items","mode":"managed","type":"aws_api_gateway_method","name":"get_items","provider_name":"registry.terraform.io/hashicorp/aws","schema_version":0,"values":{"api_key_required":false,"authorization":"NONE","authorization_scopes":null,"authorizer_id":null,"http_method":"GET","operation_name":null,"request_models":null,"request_parameters":null,"request_validator_id":null},"sensitive_values":{}},{"address":"aws_api_gateway_method.options_item","mode":"managed","type":"aws_api_gateway_method","name":"options_item","provider_name":"registry.terraform.io/hashicorp/aws","schema_version":0,"values":{"api_key_required":false,"authorization":"NONE","authorization_scopes":null,"authorizer_id":null,"http_method":"OPTIONS","operation_name":null,"request_models":null,"request_parameters":null,"request_validator_id":null},"sensitive_values":{}},{"address":"aws_api_gateway_method.options_items","mode":"managed","type":"aws_api_gateway_method","name":"options_items","provider_name":"registry.terraform.io/hashicorp/aws","schema_version":0,"values":{"api_key_required":false,"authorization":"NONE","authorization_scopes":null,"authorizer_id":null,"http_method":"OPTIONS","operation_name":null,"request_models":null,"request_parameters":null,"request_validator_id":null},"sensitive_values":{}},{"address":"aws_api_gateway_method.update_item","mode":"managed","type":"aws_api_gateway_method","name":"update_item","provider_name":"registry.terraform.io/hashicorp/aws","schema_version":0,"values":{"api_key_required":false,"authorization":"NONE","authorization_scopes":null,"authorizer_id":null,"http_method":"PUT","operation_name":null,"request_models":null,"request_parameters":null,"request_validator_id":null},"sensitive_values":{}},{"address":"aws_api_gateway_method_response.options_item","mode":"managed","type":"aws_api_gateway_method_response","name":"options_item","provider_name":"registry.terraform.io/hashicorp/aws","schema_version":0,"values":{"http_method":"OPTIONS","response_models":{"application/json":"Empty"},"response_parameters":{"method.response.header.Access-Control-Allow-Headers":true,"method.response.header.Access-Control-Allow-Methods":true,"method.response.header.Access-Control-Allow-Origin":true},"status_code":"200"},"sensitive_values":{"response_models":{},"response_parameters":{}}},{"address":"aws_api_gateway_method_response.options_items","mode":"managed","type":"aws_api_gateway_method_response","name":"options_items","provider_name":"registry.terraform.io/hashicorp/aws","schema_version":0,"values":{"http_method":"OPTIONS","response_models":{"application/json":"Empty"},"response_parameters":{"method.response.header.Access-Control-Allow-Headers":true,"method.response.header.Access-Control-Allow-Methods":true,"method.response.header.Access-Control-Allow-Origin":true},"status_code":"200"},"sensitive_values":{"response_models":{},"response_parameters":{}}},{"address":"aws_api_gateway_resource.item","mode":"managed","type":"aws_api_gateway_resource","name":"item","provider_name":"registry.terraform.io/hashicorp/aws","schema_version":0,"values":{"path_part":"{id}"},"sensitive_values":{}},{"address":"aws_api_gateway_resource.items","mode":"managed","type":"aws_api_gateway_resource","name":"items","provider_name":"registry.terraform.io/hashicorp/aws","schema_version":0,"values":{"path_part":"items"},"sensitive_values":{}},{"address":"aws_api_gateway_rest_api.api","mode":"managed","type":"aws_api_gateway_rest_api","name":"api","provider_name":"registry.terraform.io/hashicorp/aws","schema_version":0,"values":{"body":null,"fail_on_warnings":null,"name":"le-projet-de-laurianne-api","parameters":null,"put_rest_api_mode":null,"tags":null,"tags_all":{"IaC":"Terraform","Project":"le-projet-de-laurianne"}},"sensitive_values":{"binary_media_types":[],"endpoint_configuration":[],"tags_all":{}}},{"address":"aws_api_gateway_stage.stage","mode":"managed","type":"aws_api_gateway_stage","name":"stage","provider_name":"registry.terraform.io/hashicorp/aws","schema_version":0,"values":{"access_log_settings":[],"cache_cluster_enabled":null,"cache_cluster_size":null,"canary_settings":[],"client_certificate_id":null,"description":null,"documentation_version":null,"stage_name":"prod","tags":null,"tags_all":{"IaC":"Terraform","Project":"le-projet-de-laurianne"},"variables":null,"xray_tracing_enabled":null},"sensitive_values":{"access_log_settings":[],"canary_settings":[],"tags_all":{}}},{"address":"aws_dynamodb_table.items","mode":"managed","type":"aws_dynamodb_table","name":"items","provider_name":"registry.terraform.io/hashicorp/aws","schema_version":1,"values":{"attribute":[{"name":"id","type":"S"}],"billing_mode":"PAY_PER_REQUEST","deletion_protection_enabled":null,"global_secondary_index":[],"hash_key":"id","import_table":[],"local_secondary_index":[],"name":"le-projet-de-laurianne-items","on_demand_throughput":[],"range_key":null,"replica":[],"restore_date_time":null,"restore_source_name":null,"restore_source_table_arn":null,"restore_to_latest_time":null,"stream_enabled":null,"table_class":null,"tags":null,"tags_all":{"IaC":"Terraform","Project":"le-projet-de-laurianne"},"timeouts":null},"sensitive_values":{"attribute":[{}],"global_secondary_index":[],"import_table":[],"local_secondary_index":[],"on_demand_throughput":[],"point_in_time_recovery":[],"replica":[],"server_side_encryption":[],"tags_all":{},"ttl":[]}},{"address":"aws_iam_role.lambda_role","mode":"managed","type":"aws_iam_role","name":"lambda_role","provider_name":"registry.terraform.io/hashicorp/aws","schema_version":0,"values":{"assume_role_policy":"{\"Statement\":[{\"Action\":\"sts:AssumeRole\",\"Effect\":\"Allow\",\"Principal\":{\"Service\":\"lambda.amazonaws.com\"}}],\"Version\":\"2012-10-17\"}","description":null,"force_detach_policies":false,"max_session_duration":3600,"name":"le-projet-de-laurianne-lambda-role","path":"/","permissions_boundary":null,"tags":null,"tags_all":{"IaC":"Terraform","Project":"le-projet-de-laurianne"}},"sensitive_values":{"inline_policy":[],"managed_policy_arns":[],"tags_all":{}}},{"address":"aws_iam_role_policy.lambda_policy","mode":"managed","type":"aws_iam_role_policy","name":"lambda_policy","provider_name":"registry.terraform.io/hashicorp/aws","schema_version":0,"values":{"name":"le-projet-de-laurianne-lambda-policy"},"sensitive_values":{}},{"address":"aws_lambda_function.manage_items","mode":"managed","type":"aws_lambda_function","name":"manage_items","provider_name":"registry.terraform.io/hashicorp/aws","schema_version":0,"values":{"code_signing_config_arn":null,"dead_letter_config":[],"description":null,"environment":[{}],"file_system_config":[],"filename":"./lambda_build/lambda.zip","function_name":"le-projet-de-laurianne-manage-items","handler":"lambda_function.handler","image_config":[],"image_uri":null,"kms_key_arn":null,"layers":null,"memory_size":128,"package_type":"Zip","publish":false,"replace_security_groups_on_destroy":null,"replacement_security_group_ids":null,"reserved_concurrent_executions":-1,"runtime":"python3.12","s3_bucket":null,"s3_key":null,"s3_object_version":null,"skip_destroy":false,"snap_start":[],"tags":null,"tags_all":{"IaC":"Terraform","Project":"le-projet-de-laurianne"},"timeout":3,"timeouts":null,"vpc_config":[]},"sensitive_values":{"architectures":[],"dead_letter_config":[],"environment":[{"variables":{}}],"ephemeral_storage":[],"file_system_config":[],"image_config":[],"logging_config":[],"snap_start":[],"tags_all":{},"tracing_config":[],"vpc_config":[]}},{"address":"aws_lambda_permission.manage_items","mode":"managed","type":"aws_lambda_permission","name":"manage_items","provider_name":"registry.terraform.io/hashicorp/aws","schema_version":0,"values":{"action":"lambda:InvokeFunction","event_source_token":null,"function_name":"le-projet-de-laurianne-manage-items","function_url_auth_type":null,"principal":"apigateway.amazonaws.com","principal_org_id":null,"qualifier":null,"source_account":null,"statement_id":"AllowExecutionFromAPIGateway"},"sensitive_values":{}},{"address":"aws_s3_bucket.images","mode":"managed","type":"aws_s3_bucket","name":"images","provider_name":"registry.terraform.io/hashicorp/aws","schema_version":0,"values":{"force_destroy":false,"tags":null,"tags_all":{"IaC":"Terraform","Project":"le-projet-de-laurianne"},"timeouts":null},"sensitive_values":{"cors_rule":[],"grant":[],"lifecycle_rule":[],"logging":[],"object_lock_configuration":[],"replication_configuration":[],"server_side_encryption_configuration":[],"tags_all":{},"versioning":[],"website":[]}},{"address":"aws_s3_bucket_cors_configuration.images","mode":"managed","type":"aws_s3_bucket_cors_configuration","name":"images","provider_name":"registry.terraform.io/hashicorp/aws","schema_version":0,"values":{"cors_rule":[{"allowed_headers":["*"],"allowed_methods":["GET","POST","PUT"],"allowed_origins":["*"],"expose_headers":[],"id":"","max_age_seconds":3000}],"expected_bucket_owner":null},"sensitive_values":{"cors_rule":[{"allowed_headers":[false],"allowed_methods":[false,false,false],"allowed_origins":[false],"expose_headers":[]}]}},{"address":"aws_s3_bucket_policy.images_public_read","mode":"managed","type":"aws_s3_bucket_policy","name":"images_public_read","provider_name":"registry.terraform.io/hashicorp/aws","schema_version":0,"sensitive_values":{}},{"address":"aws_s3_bucket_public_access_block.images","mode":"managed","type":"aws_s3_bucket_public_access_block","name":"images","provider_name":"registry.terraform.io/hashicorp/aws","schema_version":0,"values":{"block_public_acls":false,"block_public_policy":false,"ignore_public_acls":false,"restrict_public_buckets":false},"sensitive_values":{}},{"address":"random_string.suffix","mode":"managed","type":"random_string","name":"suffix","provider_name":"registry.terraform.io/hashicorp/random","schema_version":2,"values":{"keepers":null,"length":8,"lower":true,"min_lower":0,"min_numeric":0,"min_special":0,"min_upper":0,"number":true,"numeric":true,"override_special":null,"special":false,"upper":false},"sensitive_values":{}}]}},"resource_changes":[{"address":"aws_api_gateway_deployment.api","mode":"managed","type":"aws_api_gateway_deployment","name":"api","provider_name":"registry.terraform.io/hashicorp/aws","change":{"actions":["create"],"before":null,"after":{"canary_settings":[],"description":null,"stage_description":null,"stage_name":null,"triggers":null,"variables":null},"after_unknown":{"canary_settings":[],"created_date":true,"execution_arn":true,"id":true,"invoke_url":true,"rest_api_id":true},"before_sensitive":false,"after_sensitive":{"canary_settings":[]}}},{"address":"aws_api_gateway_integration.create_item","mode":"managed","type":"aws_api_gateway_integration","name":"create_item","provider_name":"registry.terraform.io/hashicorp/aws","change":{"actions":["create"],"before":null,"after":{"cache_key_parameters":null,"connection_id":null,"connection_type":"INTERNET","content_handling":null,"credentials":null,"http_method":"POST","integration_http_method":"POST","request_parameters":null,"request_templates":null,"timeout_milliseconds":29000,"tls_config":[],"type":"AWS_PROXY"},"after_unknown":{"cache_namespace":true,"id":true,"passthrough_behavior":true,"resource_id":true,"rest_api_id":true,"tls_config":[],"uri":true},"before_sensitive":false,"after_sensitive":{"tls_config":[]}}},{"address":"aws_api_gateway_integration.delete_item","mode":"managed","type":"aws_api_gateway_integration","name":"delete_item","provider_name":"registry.terraform.io/hashicorp/aws","change":{"actions":["create"],"before":null,"after":{"cache_key_parameters":null,"connection_id":null,"connection_type":"INTERNET","content_handling":null,"credentials":null,"http_method":"DELETE","integration_http_method":"POST","request_parameters":null,"request_templates":null,"timeout_milliseconds":29000,"tls_config":[],"type":"AWS_PROXY"},"after_unknown":{"cache_namespace":true,"id":true,"passthrough_behavior":true,"resource_id":true,"rest_api_id":true,"tls_config":[],"uri":true},"before_sensitive":false,"after_sensitive":{"tls_config":[]}}},{"address":"aws_api_gateway_integration.get_items","mode":"managed","type":"aws_api_gateway_integration","name":"get_items","provider_name":"registry.terraform.io/hashicorp/aws","change":{"actions":["create"],"before":null,"after":{"cache_key_parameters":null,"connection_id":null,"connection_type":"INTERNET","content_handling":null,"credentials":null,"http_method":"GET","integration_http_method":"POST","request_parameters":null,"request_templates":null,"timeout_milliseconds":29000,"tls_config":[],"type":"AWS_PROXY"},"after_unknown":{"cache_namespace":true,"id":true,"passthrough_behavior":true,"resource_id":true,"rest_api_id":true,"tls_config":[],"uri":true},"before_sensitive":false,"after_sensitive":{"tls_config":[]}}},{"address":"aws_api_gateway_integration.options_item","mode":"managed","type":"aws_api_gateway_integration","name":"options_item","provider_name":"registry.terraform.io/hashicorp/aws","change":{"actions":["create"],"before":null,"after":{"cache_key_parameters":null,"connection_id":null,"connection_type":"INTERNET","content_handling":null,"credentials":null,"http_method":"OPTIONS","integration_http_method":null,"request_parameters":null,"request_templates":{"application/json":"{\"statusCode\": 200}"},"timeout_milliseconds":29000,"tls_config":[],"type":"MOCK","uri":null},"after_unknown":{"cache_namespace":true,"id":true,"passthrough_behavior":true,"request_templates":{},"resource_id":true,"rest_api_id":true,"tls_config":[]},"before_sensitive":false,"after_sensitive":{"request_templates":{},"tls_config":[]}}},{"address":"aws_api_gateway_integration.options_items","mode":"managed","type":"aws_api_gateway_integration","name":"options_items","provider_name":"registry.terraform.io/hashicorp/aws","change":{"actions":["create"],"before":null,"after":{"cache_key_parameters":null,"connection_id":null,"connection_type":"INTERNET","content_handling":null,"credentials":null,"http_method":"OPTIONS","integration_http_method":null,"request_parameters":null,"request_templates":{"application/json":"{\"statusCode\": 200}"},"timeout_milliseconds":29000,"tls_config":[],"type":"MOCK","uri":null},"after_unknown":{"cache_namespace":true,"id":true,"passthrough_behavior":true,"request_templates":{},"resource_id":true,"rest_api_id":true,"tls_config":[]},"before_sensitive":false,"after_sensitive":{"request_templates":{},"tls_config":[]}}},{"address":"aws_api_gateway_integration.update_item","mode":"managed","type":"aws_api_gateway_integration","name":"update_item","provider_name":"registry.terraform.io/hashicorp/aws","change":{"actions":["create"],"before":null,"after":{"cache_key_parameters":null,"connection_id":null,"connection_type":"INTERNET","content_handling":null,"credentials":null,"http_method":"PUT","integration_http_method":"POST","request_parameters":null,"request_templates":null,"timeout_milliseconds":29000,"tls_config":[],"type":"AWS_PROXY"},"after_unknown":{"cache_namespace":true,"id":true,"passthrough_behavior":true,"resource_id":true,"rest_api_id":true,"tls_config":[],"uri":true},"before_sensitive":false,"after_sensitive":{"tls_config":[]}}},{"address":"aws_api_gateway_integration_response.options_item","mode":"managed","type":"aws_api_gateway_integration_response","name":"options_item","provider_name":"registry.terraform.io/hashicorp/aws","change":{"actions":["create"],"before":null,"after":{"content_handling":null,"http_method":"OPTIONS","response_parameters":{"method.response.header.Access-Control-Allow-Headers":"'Content-Type,X-Amz-Date,Authorization,X-Api-Key'","method.response.header.Access-Control-Allow-Methods":"'PUT,DELETE,OPTIONS'","method.response.header.Access-Control-Allow-Origin":"'*'"},"response_templates":null,"selection_pattern":null,"status_code":"200"},"after_unknown":{"id":true,"resource_id":true,"response_parameters":{},"rest_api_id":true},"before_sensitive":false,"after_sensitive":{"response_parameters":{}}}},{"address":"aws_api_gateway_integration_response.options_items","mode":"managed","type":"aws_api_gateway_integration_response","name":"options_items","provider_name":"registry.terraform.io/hashicorp/aws","change":{"actions":["create"],"before":null,"after":{"content_handling":null,"http_method":"OPTIONS","response_parameters":{"method.response.header.Access-Control-Allow-Headers":"'Content-Type,X-Amz-Date,Authorization,X-Api-Key'","method.response.header.Access-Control-Allow-Methods":"'GET,POST,OPTIONS'","method.response.header.Access-Control-Allow-Origin":"'*'"},"response_templates":null,"selection_pattern":null,"status_code":"200"},"after_unknown":{"id":true,"resource_id":true,"response_parameters":{},"rest_api_id":true},"before_sensitive":false,"after_sensitive":{"response_parameters":{}}}},{"address":"aws_api_gateway_method.create_item","mode":"managed","type":"aws_api_gateway_method","name":"create_item","provider_name":"registry.terraform.io/hashicorp/aws","change":{"actions":["create"],"before":null,"after":{"api_key_required":false,"authorization":"NONE","authorization_scopes":null,"authorizer_id":null,"http_method":"POST","operation_name":null,"request_models":null,"request_parameters":null,"request_validator_id":null},"after_unknown":{"id":true,"resource_id":true,"rest_api_id":true},"before_sensitive":false,"after_sensitive":{}}},{"address":"aws_api_gateway_method.delete_item","mode":"managed","type":"aws_api_gateway_method","name":"delete_item","provider_name":"registry.terraform.io/hashicorp/aws","change":{"actions":["create"],"before":null,"after":{"api_key_required":false,"authorization":"NONE","authorization_scopes":null,"authorizer_id":null,"http_method":"DELETE","operation_name":null,"request_models":null,"request_parameters":null,"request_validator_id":null},"after_unknown":{"id":true,"resource_id":true,"rest_api_id":true},"before_sensitive":false,"after_sensitive":{}}},{"address":"aws_api_gateway_method.get_items","mode":"managed","type":"aws_api_gateway_method","name":"get_items","provider_name":"registry.terraform.io/hashicorp/aws","change":{"actions":["create"],"before":null,"after":{"api_key_required":false,"authorization":"NONE","authorization_scopes":null,"authorizer_id":null,"http_method":"GET","operation_name":null,"request_models":null,"request_parameters":null,"request_validator_id":null},"after_unknown":{"id":true,"resource_id":true,"rest_api_id":true},"before_sensitive":false,"after_sensitive":{}}},{"address":"aws_api_gateway_method.options_item","mode":"managed","type":"aws_api_gateway_method","name":"options_item","provider_name":"registry.terraform.io/hashicorp/aws","change":{"actions":["create"],"before":null,"after":{"api_key_required":false,"authorization":"NONE","authorization_scopes":null,"authorizer_id":null,"http_method":"OPTIONS","operation_name":null,"request_models":null,"request_parameters":null,"request_validator_id":null},"after_unknown":{"id":true,"resource_id":true,"rest_api_id":true},"before_sensitive":false,"after_sensitive":{}}},{"address":"aws_api_gateway_method.options_items","mode":"managed","type":"aws_api_gateway_method","name":"options_items","provider_name":"registry.terraform.io/hashicorp/aws","change":{"actions":["create"],"before":null,"after":{"api_key_required":false,"authorization":"NONE","authorization_scopes":null,"authorizer_id":null,"http_method":"OPTIONS","operation_name":null,"request_models":null,"request_parameters":null,"request_validator_id":null},"after_unknown":{"id":true,"resource_id":true,"rest_api_id":true},"before_sensitive":false,"after_sensitive":{}}},{"address":"aws_api_gateway_method.update_item","mode":"managed","type":"aws_api_gateway_method","name":"update_item","provider_name":"registry.terraform.io/hashicorp/aws","change":{"actions":["create"],"before":null,"after":{"api_key_required":false,"authorization":"NONE","authorization_scopes":null,"authorizer_id":null,"http_method":"PUT","operation_name":null,"request_models":null,"request_parameters":null,"request_validator_id":null},"after_unknown":{"id":true,"resource_id":true,"rest_api_id":true},"before_sensitive":false,"after_sensitive":{}}},{"address":"aws_api_gateway_method_response.options_item","mode":"managed","type":"aws_api_gateway_method_response","name":"options_item","provider_name":"registry.terraform.io/hashicorp/aws","change":{"actions":["create"],"before":null,"after":{"http_method":"OPTIONS","response_models":{"application/json":"Empty"},"response_parameters":{"method.response.header.Access-Control-Allow-Headers":true,"method.response.header.Access-Control-Allow-Methods":true,"method.response.header.Access-Control-Allow-Origin":true},"status_code":"200"},"after_unknown":{"id":true,"resource_id":true,"response_models":{},"response_parameters":{},"rest_api_id":true},"before_sensitive":false,"after_sensitive":{"response_models":{},"response_parameters":{}}}},{"address":"aws_api_gateway_method_response.options_items","mode":"managed","type":"aws_api_gateway_method_response","name":"options_items","provider_name":"registry.terraform.io/hashicorp/aws","change":{"actions":["create"],"before":null,"after":{"http_method":"OPTIONS","response_models":{"application/json":"Empty"},"response_parameters":{"method.response.header.Access-Control-Allow-Headers":true,"method.response.header.Access-Control-Allow-Methods":true,"method.response.header.Access-Control-Allow-Origin":true},"status_code":"200"},"after_unknown":{"id":true,"resource_id":true,"response_models":{},"response_parameters":{},"rest_api_id":true},"before_sensitive":false,"after_sensitive":{"response_models":{},"response_parameters":{}}}},{"address":"aws_api_gateway_resource.item","mode":"managed","type":"aws_api_gateway_resource","name":"item","provider_name":"registry.terraform.io/hashicorp/aws","change":{"actions":["create"],"before":null,"after":{"path_part":"{id}"},"after_unknown":{"id":true,"parent_id":true,"path":true,"rest_api_id":true},"before_sensitive":false,"after_sensitive":{}}},{"address":"aws_api_gateway_resource.items","mode":"managed","type":"aws_api_gateway_resource","name":"items","provider_name":"registry.terraform.io/hashicorp/aws","change":{"actions":["create"],"before":null,"after":{"path_part":"items"},"after_unknown":{"id":true,"parent_id":true,"path":true,"rest_api_id":true},"before_sensitive":false,"after_sensitive":{}}},{"address":"aws_api_gateway_rest_api.api","mode":"managed","type":"aws_api_gateway_rest_api","name":"api","provider_name":"registry.terraform.io/hashicorp/aws","change":{"actions":["create"],"before":null,"after":{"body":null,"fail_on_warnings":null,"name":"le-projet-de-laurianne-api","parameters":null,"put_rest_api_mode":null,"tags":null,"tags_all":{"IaC":"Terraform","Project":"le-projet-de-laurianne"}},"after_unknown":{"api_key_source":true,"arn":true,"binary_media_types":true,"created_date":true,"description":true,"disable_execute_api_endpoint":true,"endpoint_configuration":true,"execution_arn":true,"id":true,"minimum_compression_size":true,"policy":true,"root_resource_id":true,"tags_all":{}},"before_sensitive":false,"after_sensitive":{"binary_media_types":[],"endpoint_configuration":[],"tags_all":{}}}},{"address":"aws_api_gateway_stage.stage","mode":"managed","type":"aws_api_gateway_stage","name":"stage","provider_name":"registry.terraform.io/hashicorp/aws","change":{"actions":["create"],"before":null,"after":{"access_log_settings":[],"cache_cluster_enabled":null,"cache_cluster_size":null,"canary_settings":[],"client_certificate_id":null,"description":null,"documentation_version":null,"stage_name":"prod","tags":null,"tags_all":{"IaC":"Terraform","Project":"le-projet-de-laurianne"},"variables":null,"xray_tracing_enabled":null},"after_unknown":{"access_log_settings":[],"arn":true,"canary_settings":[],"deployment_id":true,"execution_arn":true,"id":true,"invoke_url":true,"rest_api_id":true,"tags_all":{},"web_acl_arn":true},"before_sensitive":false,"after_sensitive":{"access_log_settings":[],"canary_settings":[],"tags_all":{}}}},{"address":"aws_dynamodb_table.items","mode":"managed","type":"aws_dynamodb_table","name":"items","provider_name":"registry.terraform.io/hashicorp/aws","change":{"actions":["create"],"before":null,"after":{"attribute":[{"name":"id","type":"S"}],"billing_mode":"PAY_PER_REQUEST","deletion_protection_enabled":null,"global_secondary_index":[],"hash_key":"id","import_table":[],"local_secondary_index":[],"name":"le-projet-de-laurianne-items","on_demand_throughput":[],"range_key":null,"replica":[],"restore_date_time":null,"restore_source_name":null,"restore_source_table_arn":null,"restore_to_latest_time":null,"stream_enabled":null,"table_class":null,"tags":null,"tags_all":{"IaC":"Terraform","Project":"le-projet-de-laurianne"},"timeouts":null},"after_unknown":{"arn":true,"attribute":[{}],"global_secondary_index":[],"id":true,"import_table":[],"local_secondary_index":[],"on_demand_throughput":[],"point_in_time_recovery":true,"read_capacity":true,"replica":[],"server_side_encryption":true,"stream_arn":true,"stream_label":true,"stream_view_type":true,"tags_all":{},"ttl":true,"write_capacity":true},"before_sensitive":false,"after_sensitive":{"attribute":[{}],"global_secondary_index":[],"import_table":[],"local_secondary_index":[],"on_demand_throughput":[],"point_in_time_recovery":[],"replica":[],"server_side_encryption":[],"tags_all":{},"ttl":[]}}},{"address":"aws_iam_role.lambda_role","mode":"managed","type":"aws_iam_role","name":"lambda_role","provider_name":"registry.terraform.io/hashicorp/aws","change":{"actions":["create"],"before":null,"after":{"assume_role_policy":"{\"Statement\":[{\"Action\":\"sts:AssumeRole\",\"Effect\":\"Allow\",\"Principal\":{\"Service\":\"lambda.amazonaws.com\"}}],\"Version\":\"2012-10-17\"}","description":null,"force_detach_policies":false,"max_session_duration":3600,"name":"le-projet-de-laurianne-lambda-role","path":"/","permissions_boundary":null,"tags":null,"tags_all":{"IaC":"Terraform","Project":"le-projet-de-laurianne"}},"after_unknown":{"arn":true,"create_date":true,"id":true,"inline_policy":true,"managed_policy_arns":true,"name_prefix":true,"tags_all":{},"unique_id":true},"before_sensitive":false,"after_sensitive":{"inline_policy":[],"managed_policy_arns":[],"tags_all":{}}}},{"address":"aws_iam_role_policy.lambda_policy","mode":"managed","type":"aws_iam_role_policy","name":"lambda_policy","provider_name":"registry.terraform.io/hashicorp/aws","change":{"actions":["create"],"before":null,"after":{"name":"le-projet-de-laurianne-lambda-policy"},"after_unknown":{"id":true,"name_prefix":true,"policy":true,"role":true},"before_sensitive":false,"after_sensitive":{}}},{"address":"aws_lambda_function.manage_items","mode":"managed","type":"aws_lambda_function","name":"manage_items","provider_name":"registry.terraform.io/hashicorp/aws","change":{"actions":["create"],"before":null,"after":{"code_signing_config_arn":null,"dead_letter_config":[],"description":null,"environment":[{}],"file_system_config":[],"filename":"./lambda_build/lambda.zip","function_name":"le-projet-de-laurianne-manage-items","handler":"lambda_function.handler","image_config":[],"image_uri":null,"kms_key_arn":null,"layers":null,"memory_size":128,"package_type":"Zip","publish":false,"replace_security_groups_on_destroy":null,"replacement_security_group_ids":null,"reserved_concurrent_executions":-1,"runtime":"python3.12","s3_bucket":null,"s3_key":null,"s3_object_version":null,"skip_destroy":false,"snap_start":[],"tags":null,"tags_all":{"IaC":"Terraform","Project":"le-projet-de-laurianne"},"timeout":3,"timeouts":null,"vpc_config":[]},"after_unknown":{"architectures":true,"arn":true,"code_sha256":true,"dead_letter_config":[],"environment":[{"variables":true}],"ephemeral_storage":true,"file_system_config":[],"id":true,"image_config":[],"invoke_arn":true,"last_modified":true,"logging_config":true,"qualified_arn":true,"qualified_invoke_arn":true,"role":true,"signing_job_arn":true,"signing_profile_version_arn":true,"snap_start":[],"source_code_hash":true,"source_code_size":true,"tags_all":{},"tracing_config":true,"version":true,"vpc_config":[]},"before_sensitive":false,"after_sensitive":{"architectures":[],"dead_letter_config":[],"environment":[{"variables":{}}],"ephemeral_storage":[],"file_system_config":[],"image_config":[],"logging_config":[],"snap_start":[],"tags_all":{},"tracing_config":[],"vpc_config":[]}}},{"address":"aws_lambda_permission.manage_items","mode":"managed","type":"aws_lambda_permission","name":"manage_items","provider_name":"registry.terraform.io/hashicorp/aws","change":{"actions":["create"],"before":null,"after":{"action":"lambda:InvokeFunction","event_source_token":null,"function_name":"le-projet-de-laurianne-manage-items","function_url_auth_type":null,"principal":"apigateway.amazonaws.com","principal_org_id":null,"qualifier":null,"source_account":null,"statement_id":"AllowExecutionFromAPIGateway"},"after_unknown":{"id":true,"source_arn":true,"statement_id_prefix":true},"before_sensitive":false,"after_sensitive":{}}},{"address":"aws_s3_bucket.images","mode":"managed","type":"aws_s3_bucket","name":"images","provider_name":"registry.terraform.io/hashicorp/aws","change":{"actions":["create"],"before":null,"after":{"force_destroy":false,"tags":null,"tags_all":{"IaC":"Terraform","Project":"le-projet-de-laurianne"},"timeouts":null},"after_unknown":{"acceleration_status":true,"acl":true,"arn":true,"bucket":true,"bucket_domain_name":true,"bucket_prefix":true,"bucket_regional_domain_name":true,"cors_rule":true,"grant":true,"hosted_zone_id":true,"id":true,"lifecycle_rule":true,"logging":true,"object_lock_configuration":true,"object_lock_enabled":true,"policy":true,"region":true,"replication_configuration":true,"request_payer":true,"server_side_encryption_configuration":true,"tags_all":{},"versioning":true,"website":true,"website_domain":true,"website_endpoint":true},"before_sensitive":false,"after_sensitive":{"cors_rule":[],"grant":[],"lifecycle_rule":[],"logging":[],"object_lock_configuration":[],"replication_configuration":[],"server_side_encryption_configuration":[],"tags_all":{},"versioning":[],"website":[]}}},{"address":"aws_s3_bucket_cors_configuration.images","mode":"managed","type":"aws_s3_bucket_cors_configuration","name":"images","provider_name":"registry.terraform.io/hashicorp/aws","change":{"actions":["create"],"before":null,"after":{"cors_rule":[{"allowed_headers":["*"],"allowed_methods":["GET","POST","PUT"],"allowed_origins":["*"],"expose_headers":[],"id":"","max_age_seconds":3000}],"expected_bucket_owner":null},"after_unknown":{"bucket":true,"cors_rule":[{"allowed_headers":[false],"allowed_methods":[false,false,false],"allowed_origins":[false],"expose_headers":[]}],"id":true},"before_sensitive":false,"after_sensitive":{"cors_rule":[{"allowed_headers":[false],"allowed_methods":[false,false,false],"allowed_origins":[false],"expose_headers":[]}]}}},{"address":"aws_s3_bucket_policy.images_public_read","mode":"managed","type":"aws_s3_bucket_policy","name":"images_public_read","provider_name":"registry.terraform.io/hashicorp/aws","change":{"actions":["create"],"before":null,"after":{},"after_unknown":{"bucket":true,"id":true,"policy":true},"before_sensitive":false,"after_sensitive":{}}},{"address":"aws_s3_bucket_public_access_block.images","mode":"managed","type":"aws_s3_bucket_public_access_block","name":"images","provider_name":"registry.terraform.io/hashicorp/aws","change":{"actions":["create"],"before":null,"after":{"block_public_acls":false,"block_public_policy":false,"ignore_public_acls":false,"restrict_public_buckets":false},"after_unknown":{"bucket":true,"id":true},"before_sensitive":false,"after_sensitive":{}}},{"address":"random_string.suffix","mode":"managed","type":"random_string","name":"suffix","provider_name":"registry.terraform.io/hashicorp/random","change":{"actions":["create"],"before":null,"after":{"keepers":null,"length":8,"lower":true,"min_lower":0,"min_numeric":0,"min_special":0,"min_upper":0,"number":true,"numeric":true,"override_special":null,"special":false,"upper":false},"after_unknown":{"id":true,"result":true},"before_sensitive":false,"after_sensitive":{}}}],"output_changes":{"api_gateway_url":{"actions":["create"],"before":null,"after_unknown":true,"before_sensitive":false,"after_sensitive":false},"s3_bucket_name":{"actions":["create"],"before":null,"after_unknown":true,"before_sensitive":false,"after_sensitive":false}},"configuration":{"provider_config":{"aws":{"name":"aws","full_name":"registry.terraform.io/hashicorp/aws","version_constraint":"~\u003e 5.0","expressions":{"default_tags":[{"tags":{"references":["var.project_name"]}}],"profile":{"constant_value":"soper"},"region":{"references":["var.aws_region"]}}},"random":{"name":"random","full_name":"registry.terraform.io/hashicorp/random"}},"root_module":{"outputs":{"api_gateway_url":{"expression":{"references":["aws_api_gateway_rest_api.api.id","aws_api_gateway_rest_api.api","var.aws_region","aws_api_gateway_stage.stage.stage_name","aws_api_gateway_stage.stage"]}},"s3_bucket_name":{"expression":{"references":["aws_s3_bucket.images.bucket","aws_s3_bucket.images"]}}},"resources":[{"address":"aws_api_gateway_deployment.api","mode":"managed","type":"aws_api_gateway_deployment","name":"api","provider_config_key":"aws","expressions":{"rest_api_id":{"references":["aws_api_gateway_rest_api.api.id","aws_api_gateway_rest_api.api"]}},"schema_version":0,"depends_on":["aws_api_gateway_integration.get_items","aws_api_gateway_integration.create_item","aws_api_gateway_integration.update_item","aws_api_gateway_integration.delete_item","aws_api_gateway_integration_response.options_items","aws_api_gateway_integration_response.options_item"]},{"address":"aws_api_gateway_integration.create_item","mode":"managed","type":"aws_api_gateway_integration","name":"create_item","provider_config_key":"aws","expressions":{"http_method":{"references":["aws_api_gateway_method.create_item.http_method","aws_api_gateway_method.create_item"]},"integration_http_method":{"constant_value":"POST"},"resource_id":{"references":["aws_api_gateway_resource.items.id","aws_api_gateway_resource.items"]},"rest_api_id":{"references":["aws_api_gateway_rest_api.api.id","aws_api_gateway_rest_api.api"]},"type":{"constant_value":"AWS_PROXY"},"uri":{"references":["aws_lambda_function.manage_items.invoke_arn","aws_lambda_function.manage_items"]}},"schema_version":0},{"address":"aws_api_gateway_integration.delete_item","mode":"managed","type":"aws_api_gateway_integration","name":"delete_item","provider_config_key":"aws","expressions":{"http_method":{"references":["aws_api_gateway_method.delete_item.http_method","aws_api_gateway_method.delete_item"]},"integration_http_method":{"constant_value":"POST"},"resource_id":{"references":["aws_api_gateway_resource.item.id","aws_api_gateway_resource.item"]},"rest_api_id":{"references":["aws_api_gateway_rest_api.api.id","aws_api_gateway_rest_api.api"]},"type":{"constant_value":"AWS_PROXY"},"uri":{"references":["aws_lambda_function.manage_items.invoke_arn","aws_lambda_function.manage_items"]}},"schema_version":0},{"address":"aws_api_gateway_integration.get_items","mode":"managed","type":"aws_api_gateway_integration","name":"get_items","provider_config_key":"aws","expressions":{"http_method":{"references":["aws_api_gateway_method.get_items.http_method","aws_api_gateway_method.get_items"]},"integration_http_method":{"constant_value":"POST"},"resource_id":{"references":["aws_api_gateway_resource.items.id","aws_api_gateway_resource.items"]},"rest_api_id":{"references":["aws_api_gateway_rest_api.api.id","aws_api_gateway_rest_api.api"]},"type":{"constant_value":"AWS_PROXY"},"uri":{"references":["aws_lambda_function.manage_items.invoke_arn","aws_lambda_function.manage_items"]}},"schema_version":0},{"address":"aws_api_gateway_integration.options_item","mode":"managed","type":"aws_api_gateway_integration","name":"options_item","provider_config_key":"aws","expressions":{"http_method":{"references":["aws_api_gateway_method.options_item.http_method","aws_api_gateway_method.options_item"]},"request_templates":{"constant_value":{"application/json":"{\"statusCode\": 200}"}},"resource_id":{"references":["aws_api_gateway_resource.item.id","aws_api_gateway_resource.item"]},"rest_api_id":{"references":["aws_api_gateway_rest_api.api.id","aws_api_gateway_rest_api.api"]},"type":{"constant_value":"MOCK"}},"schema_version":0},{"address":"aws_api_gateway_integration.options_items","mode":"managed","type":"aws_api_gateway_integration","name":"options_items","provider_config_key":"aws","expressions":{"http_method":{"constant_value":"OPTIONS"},"request_templates":{"constant_value":{"application/json":"{\"statusCode\": 200}"}},"resource_id":{"references":["aws_api_gateway_resource.items.id","aws_api_gateway_resource.items"]},"rest_api_id":{"references":["aws_api_gateway_rest_api.api.id","aws_api_gateway_rest_api.api"]},"type":{"constant_value":"MOCK"}},"schema_version":0},{"address":"aws_api_gateway_integration.update_item","mode":"managed","type":"aws_api_gateway_integration","name":"update_item","provider_config_key":"aws","expressions":{"http_method":{"references":["aws_api_gateway_method.update_item.http_method","aws_api_gateway_method.update_item"]},"integration_http_method":{"constant_value":"POST"},"resource_id":{"references":["aws_api_gateway_resource.item.id","aws_api_gateway_resource.item"]},"rest_api_id":{"references":["aws_api_gateway_rest_api.api.id","aws_api_gateway_rest_api.api"]},"type":{"constant_value":"AWS_PROXY"},"uri":{"references":["aws_lambda_function.manage_items.invoke_arn","aws_lambda_function.manage_items"]}},"schema_version":0},{"address":"aws_api_gateway_integration_response.options_item","mode":"managed","type":"aws_api_gateway_integration_response","name":"options_item","provider_config_key":"aws","expressions":{"http_method":{"references":["aws_api_gateway_method.options_item.http_method","aws_api_gateway_method.options_item"]},"resource_id":{"references":["aws_api_gateway_resource.item.id","aws_api_gateway_resource.item"]},"response_parameters":{"constant_value":{"method.response.header.Access-Control-Allow-Headers":"'Content-Type,X-Amz-Date,Authorization,X-Api-Key'","method.response.header.Access-Control-Allow-Methods":"'PUT,DELETE,OPTIONS'","method.response.header.Access-Control-Allow-Origin":"'*'"}},"rest_api_id":{"references":["aws_api_gateway_rest_api.api.id","aws_api_gateway_rest_api.api"]},"status_code":{"constant_value":"200"}},"schema_version":0,"depends_on":["aws_api_gateway_integration.options_item"]},{"address":"aws_api_gateway_integration_response.options_items","mode":"managed","type":"aws_api_gateway_integration_response","name":"options_items","provider_config_key":"aws","expressions":{"http_method":{"references":["aws_api_gateway_method.options_items.http_method","aws_api_gateway_method.options_items"]},"resource_id":{"references":["aws_api_gateway_resource.items.id","aws_api_gateway_resource.items"]},"response_parameters":{"constant_value":{"method.response.header.Access-Control-Allow-Headers":"'Content-Type,X-Amz-Date,Authorization,X-Api-Key'","method.response.header.Access-Control-Allow-Methods":"'GET,POST,OPTIONS'","method.response.header.Access-Control-Allow-Origin":"'*'"}},"rest_api_id":{"references":["aws_api_gateway_rest_api.api.id","aws_api_gateway_rest_api.api"]},"status_code":{"constant_value":"200"}},"schema_version":0,"depends_on":["aws_api_gateway_integration.options_items"]},{"address":"aws_api_gateway_method.create_item","mode":"managed","type":"aws_api_gateway_method","name":"create_item","provider_config_key":"aws","expressions":{"authorization":{"constant_value":"NONE"},"http_method":{"constant_value":"POST"},"resource_id":{"references":["aws_api_gateway_resource.items.id","aws_api_gateway_resource.items"]},"rest_api_id":{"references":["aws_api_gateway_rest_api.api.id","aws_api_gateway_rest_api.api"]}},"schema_version":0},{"address":"aws_api_gateway_method.delete_item","mode":"managed","type":"aws_api_gateway_method","name":"delete_item","provider_config_key":"aws","expressions":{"authorization":{"constant_value":"NONE"},"http_method":{"constant_value":"DELETE"},"resource_id":{"references":["aws_api_gateway_resource.item.id","aws_api_gateway_resource.item"]},"rest_api_id":{"references":["aws_api_gateway_rest_api.api.id","aws_api_gateway_rest_api.api"]}},"schema_version":0},{"address":"aws_api_gateway_method.get_items","mode":"managed","type":"aws_api_gateway_method","name":"get_items","provider_config_key":"aws","expressions":{"authorization":{"constant_value":"NONE"},"http_method":{"constant_value":"GET"},"resource_id":{"references":["aws_api_gateway_resource.items.id","aws_api_gateway_resource.items"]},"rest_api_id":{"references":["aws_api_gateway_rest_api.api.id","aws_api_gateway_rest_api.api"]}},"schema_version":0},{"address":"aws_api_gateway_method.options_item","mode":"managed","type":"aws_api_gateway_method","name":"options_item","provider_config_key":"aws","expressions":{"authorization":{"constant_value":"NONE"},"http_method":{"constant_value":"OPTIONS"},"resource_id":{"references":["aws_api_gateway_resource.item.id","aws_api_gateway_resource.item"]},"rest_api_id":{"references":["aws_api_gateway_rest_api.api.id","aws_api_gateway_rest_api.api"]}},"schema_version":0},{"address":"aws_api_gateway_method.options_items","mode":"managed","type":"aws_api_gateway_method","name":"options_items","provider_config_key":"aws","expressions":{"authorization":{"constant_value":"NONE"},"http_method":{"constant_value":"OPTIONS"},"resource_id":{"references":["aws_api_gateway_resource.items.id","aws_api_gateway_resource.items"]},"rest_api_id":{"references":["aws_api_gateway_rest_api.api.id","aws_api_gateway_rest_api.api"]}},"schema_version":0},{"address":"aws_api_gateway_method.update_item","mode":"managed","type":"aws_api_gateway_method","name":"update_item","provider_config_key":"aws","expressions":{"authorization":{"constant_value":"NONE"},"http_method":{"constant_value":"PUT"},"resource_id":{"references":["aws_api_gateway_resource.item.id","aws_api_gateway_resource.item"]},"rest_api_id":{"references":["aws_api_gateway_rest_api.api.id","aws_api_gateway_rest_api.api"]}},"schema_version":0},{"address":"aws_api_gateway_method_response.options_item","mode":"managed","type":"aws_api_gateway_method_response","name":"options_item","provider_config_key":"aws","expressions":{"http_method":{"constant_value":"OPTIONS"},"resource_id":{"references":["aws_api_gateway_resource.item.id","aws_api_gateway_resource.item"]},"response_models":{"constant_value":{"application/json":"Empty"}},"response_parameters":{"constant_value":{"method.response.header.Access-Control-Allow-Headers":true,"method.response.header.Access-Control-Allow-Methods":true,"method.response.header.Access-Control-Allow-Origin":true}},"rest_api_id":{"references":["aws_api_gateway_rest_api.api.id","aws_api_gateway_rest_api.api"]},"status_code":{"constant_value":"200"}},"schema_version":0,"depends_on":["aws_api_gateway_method.options_item"]},{"address":"aws_api_gateway_method_response.options_items","mode":"managed","type":"aws_api_gateway_method_response","name":"options_items","provider_config_key":"aws","expressions":{"http_method":{"constant_value":"OPTIONS"},"resource_id":{"references":["aws_api_gateway_resource.items.id","aws_api_gateway_resource.items"]},"response_models":{"constant_value":{"application/json":"Empty"}},"response_parameters":{"constant_value":{"method.response.header.Access-Control-Allow-Headers":true,"method.response.header.Access-Control-Allow-Methods":true,"method.response.header.Access-Control-Allow-Origin":true}},"rest_api_id":{"references":["aws_api_gateway_rest_api.api.id","aws_api_gateway_rest_api.api"]},"status_code":{"constant_value":"200"}},"schema_version":0,"depends_on":["aws_api_gateway_method.options_items"]},{"address":"aws_api_gateway_resource.item","mode":"managed","type":"aws_api_gateway_resource","name":"item","provider_config_key":"aws","expressions":{"parent_id":{"references":["aws_api_gateway_resource.items.id","aws_api_gateway_resource.items"]},"path_part":{"constant_value":"{id}"},"rest_api_id":{"references":["aws_api_gateway_rest_api.api.id","aws_api_gateway_rest_api.api"]}},"schema_version":0},{"address":"aws_api_gateway_resource.items","mode":"managed","type":"aws_api_gateway_resource","name":"items","provider_config_key":"aws","expressions":{"parent_id":{"references":["aws_api_gateway_rest_api.api.root_resource_id","aws_api_gateway_rest_api.api"]},"path_part":{"constant_value":"items"},"rest_api_id":{"references":["aws_api_gateway_rest_api.api.id","aws_api_gateway_rest_api.api"]}},"schema_version":0},{"address":"aws_api_gateway_rest_api.api","mode":"managed","type":"aws_api_gateway_rest_api","name":"api","provider_config_key":"aws","expressions":{"name":{"references":["var.project_name"]}},"schema_version":0},{"address":"aws_api_gateway_stage.stage","mode":"managed","type":"aws_api_gateway_stage","name":"stage","provider_config_key":"aws","expressions":{"deployment_id":{"references":["aws_api_gateway_deployment.api.id","aws_api_gateway_deployment.api"]},"rest_api_id":{"references":["aws_api_gateway_rest_api.api.id","aws_api_gateway_rest_api.api"]},"stage_name":{"constant_value":"prod"}},"schema_version":0},{"address":"aws_dynamodb_table.items","mode":"managed","type":"aws_dynamodb_table","name":"items","provider_config_key":"aws","expressions":{"attribute":[{"name":{"constant_value":"id"},"type":{"constant_value":"S"}}],"billing_mode":{"constant_value":"PAY_PER_REQUEST"},"hash_key":{"constant_value":"id"},"name":{"references":["var.project_name"]}},"schema_version":1},{"address":"aws_iam_role.lambda_role","mode":"managed","type":"aws_iam_role","name":"lambda_role","provider_config_key":"aws","expressions":{"assume_role_policy":{},"name":{"references":["var.project_name"]}},"schema_version":0},{"address":"aws_iam_role_policy.lambda_policy","mode":"managed","type":"aws_iam_role_policy","name":"lambda_policy","provider_config_key":"aws","expressions":{"name":{"references":["var.project_name"]},"policy":{"references":["aws_dynamodb_table.items.arn","aws_dynamodb_table.items","aws_s3_bucket.images.arn","aws_s3_bucket.images"]},"role":{"references":["aws_iam_role.lambda_role.id","aws_iam_role.lambda_role"]}},"schema_version":0},{"address":"aws_lambda_function.manage_items","mode":"managed","type":"aws_lambda_function","name":"manage_items","provider_config_key":"aws","expressions":{"environment":[{"variables":{"references":["aws_dynamodb_table.items.name","aws_dynamodb_table.items","aws_s3_bucket.images.bucket","aws_s3_bucket.images"]}}],"filename":{"references":["path.module"]},"function_name":{"references":["var.project_name"]},"handler":{"constant_value":"lambda_function.handler"},"role":{"references":["aws_iam_role.lambda_role.arn","aws_iam_role.lambda_role"]},"runtime":{"constant_value":"python3.12"}},"schema_version":0},{"address":"aws_lambda_permission.manage_items","mode":"managed","type":"aws_lambda_permission","name":"manage_items","provider_config_key":"aws","expressions":{"action":{"constant_value":"lambda:InvokeFunction"},"function_name":{"references":["aws_lambda_function.manage_items.function_name","aws_lambda_function.manage_items"]},"principal":{"constant_value":"apigateway.amazonaws.com"},"source_arn":{"references":["aws_api_gateway_rest_api.api.execution_arn","aws_api_gateway_rest_api.api"]},"statement_id":{"constant_value":"AllowExecutionFromAPIGateway"}},"schema_version":0},{"address":"aws_s3_bucket.images","mode":"managed","type":"aws_s3_bucket","name":"images","provider_config_key":"aws","expressions":{"bucket":{"references":["var.project_name","random_string.suffix.result","random_string.suffix"]}},"schema_version":0},{"address":"aws_s3_bucket_cors_configuration.images","mode":"managed","type":"aws_s3_bucket_cors_configuration","name":"images","provider_config_key":"aws","expressions":{"bucket":{"references":["aws_s3_bucket.images.id","aws_s3_bucket.images"]},"cors_rule":[{"allowed_headers":{"constant_value":["*"]},"allowed_methods":{"constant_value":["GET","PUT","POST"]},"allowed_origins":{"constant_value":["*"]},"max_age_seconds":{"constant_value":3000}}]},"schema_version":0},{"address":"aws_s3_bucket_policy.images_public_read","mode":"managed","type":"aws_s3_bucket_policy","name":"images_public_read","provider_config_key":"aws","expressions":{"bucket":{"references":["aws_s3_bucket.images.id","aws_s3_bucket.images"]},"policy":{"references":["aws_s3_bucket.images.arn","aws_s3_bucket.images"]}},"schema_version":0,"depends_on":["aws_s3_bucket_public_access_block.images"]},{"address":"aws_s3_bucket_public_access_block.images","mode":"managed","type":"aws_s3_bucket_public_access_block","name":"images","provider_config_key":"aws","expressions":{"block_public_acls":{"constant_value":false},"block_public_policy":{"constant_value":false},"bucket":{"references":["aws_s3_bucket.images.id","aws_s3_bucket.images"]},"ignore_public_acls":{"constant_value":false},"restrict_public_buckets":{"constant_value":false}},"schema_version":0},{"address":"random_string.suffix","mode":"managed","type":"random_string","name":"suffix","provider_config_key":"random","expressions":{"length":{"constant_value":8},"special":{"constant_value":false},"upper":{"constant_value":false}},"schema_version":2}],"variables":{"aws_region":{},"project_name":{}}}},"relevant_attributes":[{"resource":"random_string.suffix","attribute":["result"]},{"resource":"aws_iam_role.lambda_role","attribute":["id"]},{"resource":"aws_api_gateway_rest_api.api","attribute":["id"]},{"resource":"aws_s3_bucket.images","attribute":["bucket"]},{"resource":"aws_lambda_function.manage_items","attribute":["function_name"]},{"resource":"aws_api_gateway_method.options_item","attribute":["http_method"]},{"resource":"aws_api_gateway_method.get_items","attribute":["http_method"]},{"resource":"aws_dynamodb_table.items","attribute":["arn"]},{"resource":"aws_iam_role.lambda_role","attribute":["arn"]},{"resource":"aws_dynamodb_table.items","attribute":["name"]},{"resource":"aws_api_gateway_rest_api.api","attribute":["execution_arn"]},{"resource":"aws_api_gateway_resource.item","attribute":["id"]},{"resource":"aws_api_gateway_method.create_item","attribute":["http_method"]},{"resource":"aws_api_gateway_method.options_items","attribute":["http_method"]},{"resource":"aws_api_gateway_rest_api.api","attribute":["root_resource_id"]},{"resource":"aws_api_gateway_resource.items","attribute":["id"]},{"resource":"aws_lambda_function.manage_items","attribute":["invoke_arn"]},{"resource":"aws_api_gateway_deployment.api","attribute":["id"]},{"resource":"aws_api_gateway_stage.stage","attribute":["stage_name"]},{"resource":"aws_s3_bucket.images","attribute":["id"]},{"resource":"aws_s3_bucket.images","attribute":["arn"]},{"resource":"aws_api_gateway_method.update_item","attribute":["http_method"]},{"resource":"aws_api_gateway_method.delete_item","attribute":["http_method"]}],"timestamp":"2025-06-21T19:21:52Z"}
